
Microsoft Visual Studio Solution File, Format Version 12.00
# Visual Studio Version 17
VisualStudioVersion = 17.0.32126.317
MinimumVisualStudioVersion = 10.0.40219.1
Project("{FAE04EC0-301F-11D3-BF4B-00C04F79EFBC}") = "Examen2LP3", "Examen2LP3\Examen2LP3.csproj", "{655AB886-3822-4C2A-AC69-18F9ACE77FF7}"
EndProject
Project("{FAE04EC0-301F-11D3-BF4B-00C04F79EFBC}") = "Datos", "Datos\Datos.csproj", "{B7F9A083-37B3-455B-A0BB-6C0E07AEDC06}"
EndProject
Global
	GlobalSection(SolutionConfigurationPlatforms) = preSolution
		Debug|Any CPU = Debug|Any CPU
		Release|Any CPU = Release|Any CPU
	EndGlobalSection
	GlobalSection(ProjectConfigurationPlatforms) = postSolution
		{655AB886-3822-4C2A-AC69-18F9ACE77FF7}.Debug|Any CPU.ActiveCfg = Debug|Any CPU
		{655AB886-3822-4C2A-AC69-18F9ACE77FF7}.Debug|Any CPU.Build.0 = Debug|Any CPU
		{655AB886-3822-4C2A-AC69-18F9ACE77FF7}.Release|Any CPU.ActiveCfg = Release|Any CPU
		{655AB886-3822-4C2A-AC69-18F9ACE77FF7}.Release|Any CPU.Build.0 = Release|Any CPU
		{B7F9A083-37B3-455B-A0BB-6C0E07AEDC06}.Debug|Any CPU.ActiveCfg = Debug|Any CPU
		{B7F9A083-37B3-455B-A0BB-6C0E07AEDC06}.Debug|Any CPU.Build.0 = Debug|Any CPU
		{B7F9A083-37B3-455B-A0BB-6C0E07AEDC06}.Release|Any CPU.ActiveCfg = Release|Any CPU
		{B7F9A083-37B3-455B-A0BB-6C0E07AEDC06}.Release|Any CPU.Build.0 = Release|Any CPU
	EndGlobalSection
	GlobalSection(SolutionProperties) = preSolution
		HideSolutionNode = FALSE
	EndGlobalSection
	GlobalSection(ExtensibilityGlobals) = postSolution
		SolutionGuid = {CBDCAA82-5C83-4539-8980-DD94D94E63CB}
	EndGlobalSection
EndGlobal
